
Microsoft Visual Studio Solution File, Format Version 12.00
# Visual Studio 15
VisualStudioVersion = 15.0.28307.106
MinimumVisualStudioVersion = 10.0.40219.1
Project("{FAE04EC0-301F-11D3-BF4B-00C04F79EFBC}") = "ControlPanel_ver01", "ControlPanel_ver01\ControlPanel_ver01.csproj", "{0A26EFA7-C584-46FF-BC3B-A1D27C095241}"
EndProject
Global
	GlobalSection(SolutionConfigurationPlatforms) = preSolution
		Debug|Any CPU = Debug|Any CPU
		Debug|x64 = Debug|x64
		Release|Any CPU = Release|Any CPU
		Release|x64 = Release|x64
	EndGlobalSection
	GlobalSection(ProjectConfigurationPlatforms) = postSolution
		{0A26EFA7-C584-46FF-BC3B-A1D27C095241}.Debug|Any CPU.ActiveCfg = Debug|Any CPU
		{0A26EFA7-C584-46FF-BC3B-A1D27C095241}.Debug|Any CPU.Build.0 = Debug|Any CPU
		{0A26EFA7-C584-46FF-BC3B-A1D27C095241}.Debug|x64.ActiveCfg = Debug|x64
		{0A26EFA7-C584-46FF-BC3B-A1D27C095241}.Debug|x64.Build.0 = Debug|x64
		{0A26EFA7-C584-46FF-BC3B-A1D27C095241}.Release|Any CPU.ActiveCfg = Release|Any CPU
		{0A26EFA7-C584-46FF-BC3B-A1D27C095241}.Release|Any CPU.Build.0 = Release|Any CPU
		{0A26EFA7-C584-46FF-BC3B-A1D27C095241}.Release|x64.ActiveCfg = Release|x64
		{0A26EFA7-C584-46FF-BC3B-A1D27C095241}.Release|x64.Build.0 = Release|x64
	EndGlobalSection
	GlobalSection(SolutionProperties) = preSolution
		HideSolutionNode = FALSE
	EndGlobalSection
	GlobalSection(ExtensibilityGlobals) = postSolution
		SolutionGuid = {B66D7455-3DBF-4D69-9528-1500662CB32F}
	EndGlobalSection
EndGlobal
